// !$*UTF8*$!
{
	archiveVersion = 1;
	classes = {
	};
	objectVersion = 50;
	objects = {

/* Begin PBXBuildFile section */
		A3484B2626CE9C96009BA8E8 /* AppDelegate.swift in Sources */ = {isa = PBXBuildFile; fileRef = A3484B2526CE9C96009BA8E8 /* AppDelegate.swift */; };
		A3484B2826CE9C96009BA8E8 /* SceneDelegate.swift in Sources */ = {isa = PBXBuildFile; fileRef = A3484B2726CE9C96009BA8E8 /* SceneDelegate.swift */; };
		A3484B2A26CE9C96009BA8E8 /* ContentView.swift in Sources */ = {isa = PBXBuildFile; fileRef = A3484B2926CE9C96009BA8E8 /* ContentView.swift */; };
		A3484B2C26CE9C97009BA8E8 /* Assets.xcassets in Resources */ = {isa = PBXBuildFile; fileRef = A3484B2B26CE9C97009BA8E8 /* Assets.xcassets */; };
		A3484B2F26CE9C98009BA8E8 /* Preview Assets.xcassets in Resources */ = {isa = PBXBuildFile; fileRef = A3484B2E26CE9C98009BA8E8 /* Preview Assets.xcassets */; };
		A3484B3226CE9C98009BA8E8 /* LaunchScreen.storyboard in Resources */ = {isa = PBXBuildFile; fileRef = A3484B3026CE9C98009BA8E8 /* LaunchScreen.storyboard */; };
		A3484B3D26CE9C98009BA8E8 /* SwiftUITextFieldDemoAppTests.swift in Sources */ = {isa = PBXBuildFile; fileRef = A3484B3C26CE9C98009BA8E8 /* SwiftUITextFieldDemoAppTests.swift */; };
		A3484B4826CE9C98009BA8E8 /* SwiftUITextFieldDemoAppUITests.swift in Sources */ = {isa = PBXBuildFile; fileRef = A3484B4726CE9C98009BA8E8 /* SwiftUITextFieldDemoAppUITests.swift */; };
/* End PBXBuildFile section */

/* Begin PBXContainerItemProxy section */
		A3484B3926CE9C98009BA8E8 /* PBXContainerItemProxy */ = {
			isa = PBXContainerItemProxy;
			containerPortal = A3484B1A26CE9C96009BA8E8 /* Project object */;
			proxyType = 1;
			remoteGlobalIDString = A3484B2126CE9C96009BA8E8;
			remoteInfo = SwiftUITextFieldDemoApp;
		};
		A3484B4426CE9C98009BA8E8 /* PBXContainerItemProxy */ = {
			isa = PBXContainerItemProxy;
			containerPortal = A3484B1A26CE9C96009BA8E8 /* Project object */;
			proxyType = 1;
			remoteGlobalIDString = A3484B2126CE9C96009BA8E8;
			remoteInfo = SwiftUITextFieldDemoApp;
		};
/* End PBXContainerItemProxy section */

/* Begin PBXFileReference section */
		A3484B2226CE9C96009BA8E8 /* SwiftUITextFieldDemoApp.app */ = {isa = PBXFileReference; explicitFileType = wrapper.application; includeInIndex = 0; path = SwiftUITextFieldDemoApp.app; sourceTree = BUILT_PRODUCTS_DIR; };
		A3484B2526CE9C96009BA8E8 /* AppDelegate.swift */ = {isa = PBXFileReference; lastKnownFileType = sourcecode.swift; path = AppDelegate.swift; sourceTree = "<group>"; };
		A3484B2726CE9C96009BA8E8 /* SceneDelegate.swift */ = {isa = PBXFileReference; lastKnownFileType = sourcecode.swift; path = SceneDelegate.swift; sourceTree = "<group>"; };
		A3484B2926CE9C96009BA8E8 /* ContentView.swift */ = {isa = PBXFileReference; lastKnownFileType = sourcecode.swift; path = ContentView.swift; sourceTree = "<group>"; };
		A3484B2B26CE9C97009BA8E8 /* Assets.xcassets */ = {isa = PBXFileReference; lastKnownFileType = folder.assetcatalog; path = Assets.xcassets; sourceTree = "<group>"; };
		A3484B2E26CE9C98009BA8E8 /* Preview Assets.xcassets */ = {isa = PBXFileReference; lastKnownFileType = folder.assetcatalog; path = "Preview Assets.xcassets"; sourceTree = "<group>"; };
		A3484B3126CE9C98009BA8E8 /* Base */ = {isa = PBXFileReference; lastKnownFileType = file.storyboard; name = Base; path = Base.lproj/LaunchScreen.storyboard; sourceTree = "<group>"; };
		A3484B3326CE9C98009BA8E8 /* Info.plist */ = {isa = PBXFileReference; lastKnownFileType = text.plist.xml; path = Info.plist; sourceTree = "<group>"; };
		A3484B3826CE9C98009BA8E8 /* SwiftUITextFieldDemoAppTests.xctest */ = {isa = PBXFileReference; explicitFileType = wrapper.cfbundle; includeInIndex = 0; path = SwiftUITextFieldDemoAppTests.xctest; sourceTree = BUILT_PRODUCTS_DIR; };
		A3484B3C26CE9C98009BA8E8 /* SwiftUITextFieldDemoAppTests.swift */ = {isa = PBXFileReference; lastKnownFileType = sourcecode.swift; path = SwiftUITextFieldDemoAppTests.swift; sourceTree = "<group>"; };
		A3484B3E26CE9C98009BA8E8 /* Info.plist */ = {isa = PBXFileReference; lastKnownFileType = text.plist.xml; path = Info.plist; sourceTree = "<group>"; };
		A3484B4326CE9C98009BA8E8 /* SwiftUITextFieldDemoAppUITests.xctest */ = {isa = PBXFileReference; explicitFileType = wrapper.cfbundle; includeInIndex = 0; path = SwiftUITextFieldDemoAppUITests.xctest; sourceTree = BUILT_PRODUCTS_DIR; };
		A3484B4726CE9C98009BA8E8 /* SwiftUITextFieldDemoAppUITests.swift */ = {isa = PBXFileReference; lastKnownFileType = sourcecode.swift; path = SwiftUITextFieldDemoAppUITests.swift; sourceTree = "<group>"; };
		A3484B4926CE9C98009BA8E8 /* Info.plist */ = {isa = PBXFileReference; lastKnownFileType = text.plist.xml; path = Info.plist; sourceTree = "<group>"; };
/* End PBXFileReference section */

/* Begin PBXFrameworksBuildPhase section */
		A3484B1F26CE9C96009BA8E8 /* Frameworks */ = {
			isa = PBXFrameworksBuildPhase;
			buildActionMask = 2147483647;
			files = (
			);
			runOnlyForDeploymentPostprocessing = 0;
		};
		A3484B3526CE9C98009BA8E8 /* Frameworks */ = {
			isa = PBXFrameworksBuildPhase;
			buildActionMask = 2147483647;
			files = (
			);
			runOnlyForDeploymentPostprocessing = 0;
		};
		A3484B4026CE9C98009BA8E8 /* Frameworks */ = {
			isa = PBXFrameworksBuildPhase;
			buildActionMask = 2147483647;
			files = (
			);
			runOnlyForDeploymentPostprocessing = 0;
		};
/* End PBXFrameworksBuildPhase section */

/* Begin PBXGroup section */
		A3484B1926CE9C96009BA8E8 = {
			isa = PBXGroup;
			children = (
				A3484B2426CE9C96009BA8E8 /* SwiftUITextFieldDemoApp */,
				A3484B3B26CE9C98009BA8E8 /* SwiftUITextFieldDemoAppTests */,
				A3484B4626CE9C98009BA8E8 /* SwiftUITextFieldDemoAppUITests */,
				A3484B2326CE9C96009BA8E8 /* Products */,
			);
			sourceTree = "<group>";
		};
		A3484B2326CE9C96009BA8E8 /* Products */ = {
			isa = PBXGroup;
			children = (
				A3484B2226CE9C96009BA8E8 /* SwiftUITextFieldDemoApp.app */,
				A3484B3826CE9C98009BA8E8 /* SwiftUITextFieldDemoAppTests.xctest */,
				A3484B4326CE9C98009BA8E8 /* SwiftUITextFieldDemoAppUITests.xctest */,
			);
			name = Products;
			sourceTree = "<group>";
		};
		A3484B2426CE9C96009BA8E8 /* SwiftUITextFieldDemoApp */ = {
			isa = PBXGroup;
			children = (
				A3484B2526CE9C96009BA8E8 /* AppDelegate.swift */,
				A3484B2726CE9C96009BA8E8 /* SceneDelegate.swift */,
				A3484B2926CE9C96009BA8E8 /* ContentView.swift */,
				A3484B2B26CE9C97009BA8E8 /* Assets.xcassets */,
				A3484B3026CE9C98009BA8E8 /* LaunchScreen.storyboard */,
				A3484B3326CE9C98009BA8E8 /* Info.plist */,
				A3484B2D26CE9C98009BA8E8 /* Preview Content */,
			);
			path = SwiftUITextFieldDemoApp;
			sourceTree = "<group>";
		};
		A3484B2D26CE9C98009BA8E8 /* Preview Content */ = {
			isa = PBXGroup;
			children = (
				A3484B2E26CE9C98009BA8E8 /* Preview Assets.xcassets */,
			);
			path = "Preview Content";
			sourceTree = "<group>";
		};
		A3484B3B26CE9C98009BA8E8 /* SwiftUITextFieldDemoAppTests */ = {
			isa = PBXGroup;
			children = (
				A3484B3C26CE9C98009BA8E8 /* SwiftUITextFieldDemoAppTests.swift */,
				A3484B3E26CE9C98009BA8E8 /* Info.plist */,
			);
			path = SwiftUITextFieldDemoAppTests;
			sourceTree = "<group>";
		};
		A3484B4626CE9C98009BA8E8 /* SwiftUITextFieldDemoAppUITests */ = {
			isa = PBXGroup;
			children = (
				A3484B4726CE9C98009BA8E8 /* SwiftUITextFieldDemoAppUITests.swift */,
				A3484B4926CE9C98009BA8E8 /* Info.plist */,
			);
			path = SwiftUITextFieldDemoAppUITests;
			sourceTree = "<group>";
		};
/* End PBXGroup section */

/* Begin PBXNativeTarget section */
		A3484B2126CE9C96009BA8E8 /* SwiftUITextFieldDemoApp */ = {
			isa = PBXNativeTarget;
			buildConfigurationList = A3484B4C26CE9C98009BA8E8 /* Build configuration list for PBXNativeTarget "SwiftUITextFieldDemoApp" */;
			buildPhases = (
				A3484B1E26CE9C96009BA8E8 /* Sources */,
				A3484B1F26CE9C96009BA8E8 /* Frameworks */,
				A3484B2026CE9C96009BA8E8 /* Resources */,
			);
			buildRules = (
			);
			dependencies = (
			);
			name = SwiftUITextFieldDemoApp;
			productName = SwiftUITextFieldDemoApp;
			productReference = A3484B2226CE9C96009BA8E8 /* SwiftUITextFieldDemoApp.app */;
			productType = "com.apple.product-type.application";
		};
		A3484B3726CE9C98009BA8E8 /* SwiftUITextFieldDemoAppTests */ = {
			isa = PBXNativeTarget;
			buildConfigurationList = A3484B4F26CE9C98009BA8E8 /* Build configuration list for PBXNativeTarget "SwiftUITextFieldDemoAppTests" */;
			buildPhases = (
				A3484B3426CE9C98009BA8E8 /* Sources */,
				A3484B3526CE9C98009BA8E8 /* Frameworks */,
				A3484B3626CE9C98009BA8E8 /* Resources */,
			);
			buildRules = (
			);
			dependencies = (
				A3484B3A26CE9C98009BA8E8 /* PBXTargetDependency */,
			);
			name = SwiftUITextFieldDemoAppTests;
			productName = SwiftUITextFieldDemoAppTests;
			productReference = A3484B3826CE9C98009BA8E8 /* SwiftUITextFieldDemoAppTests.xctest */;
			productType = "com.apple.product-type.bundle.unit-test";
		};
		A3484B4226CE9C98009BA8E8 /* SwiftUITextFieldDemoAppUITests */ = {
			isa = PBXNativeTarget;
			buildConfigurationList = A3484B5226CE9C98009BA8E8 /* Build configuration list for PBXNativeTarget "SwiftUITextFieldDemoAppUITests" */;
			buildPhases = (
				A3484B3F26CE9C98009BA8E8 /* Sources */,
				A3484B4026CE9C98009BA8E8 /* Frameworks */,
				A3484B4126CE9C98009BA8E8 /* Resources */,
			);
			buildRules = (
			);
			dependencies = (
				A3484B4526CE9C98009BA8E8 /* PBXTargetDependency */,
			);
			name = SwiftUITextFieldDemoAppUITests;
			productName = SwiftUITextFieldDemoAppUITests;
			productReference = A3484B4326CE9C98009BA8E8 /* SwiftUITextFieldDemoAppUITests.xctest */;
			productType = "com.apple.product-type.bundle.ui-testing";
		};
/* End PBXNativeTarget section */

/* Begin PBXProject section */
		A3484B1A26CE9C96009BA8E8 /* Project object */ = {
			isa = PBXProject;
			attributes = {
				LastSwiftUpdateCheck = 1240;
				LastUpgradeCheck = 1240;
				TargetAttributes = {
					A3484B2126CE9C96009BA8E8 = {
						CreatedOnToolsVersion = 12.4;
					};
					A3484B3726CE9C98009BA8E8 = {
						CreatedOnToolsVersion = 12.4;
						TestTargetID = A3484B2126CE9C96009BA8E8;
					};
					A3484B4226CE9C98009BA8E8 = {
						CreatedOnToolsVersion = 12.4;
						TestTargetID = A3484B2126CE9C96009BA8E8;
					};
				};
			};
			buildConfigurationList = A3484B1D26CE9C96009BA8E8 /* Build configuration list for PBXProject "SwiftUITextFieldDemoApp" */;
			compatibilityVersion = "Xcode 9.3";
			developmentRegion = en;
			hasScannedForEncodings = 0;
			knownRegions = (
				en,
				Base,
			);
			mainGroup = A3484B1926CE9C96009BA8E8;
			productRefGroup = A3484B2326CE9C96009BA8E8 /* Products */;
			projectDirPath = "";
			projectRoot = "";
			targets = (
				A3484B2126CE9C96009BA8E8 /* SwiftUITextFieldDemoApp */,
				A3484B3726CE9C98009BA8E8 /* SwiftUITextFieldDemoAppTests */,
				A3484B4226CE9C98009BA8E8 /* SwiftUITextFieldDemoAppUITests */,
			);
		};
/* End PBXProject section */

/* Begin PBXResourcesBuildPhase section */
		A3484B2026CE9C96009BA8E8 /* Resources */ = {
			isa = PBXResourcesBuildPhase;
			buildActionMask = 2147483647;
			files = (
				A3484B3226CE9C98009BA8E8 /* LaunchScreen.storyboard in Resources */,
				A3484B2F26CE9C98009BA8E8 /* Preview Assets.xcassets in Resources */,
				A3484B2C26CE9C97009BA8E8 /* Assets.xcassets in Resources */,
			);
			runOnlyForDeploymentPostprocessing = 0;
		};
		A3484B3626CE9C98009BA8E8 /* Resources */ = {
			isa = PBXResourcesBuildPhase;
			buildActionMask = 2147483647;
			files = (
			);
			runOnlyForDeploymentPostprocessing = 0;
		};
		A3484B4126CE9C98009BA8E8 /* Resources */ = {
			isa = PBXResourcesBuildPhase;
			buildActionMask = 2147483647;
			files = (
			);
			runOnlyForDeploymentPostprocessing = 0;
		};
/* End PBXResourcesBuildPhase section */

/* Begin PBXSourcesBuildPhase section */
		A3484B1E26CE9C96009BA8E8 /* Sources */ = {
			isa = PBXSourcesBuildPhase;
			buildActionMask = 2147483647;
			files = (
				A3484B2626CE9C96009BA8E8 /* AppDelegate.swift in Sources */,
				A3484B2826CE9C96009BA8E8 /* SceneDelegate.swift in Sources */,
				A3484B2A26CE9C96009BA8E8 /* ContentView.swift in Sources */,
			);
			runOnlyForDeploymentPostprocessing = 0;
		};
		A3484B3426CE9C98009BA8E8 /* Sources */ = {
			isa = PBXSourcesBuildPhase;
			buildActionMask = 2147483647;
			files = (
				A3484B3D26CE9C98009BA8E8 /* SwiftUITextFieldDemoAppTests.swift in Sources */,
			);
			runOnlyForDeploymentPostprocessing = 0;
		};
		A3484B3F26CE9C98009BA8E8 /* Sources */ = {
			isa = PBXSourcesBuildPhase;
			buildActionMask = 2147483647;
			files = (
				A3484B4826CE9C98009BA8E8 /* SwiftUITextFieldDemoAppUITests.swift in Sources */,
			);
			runOnlyForDeploymentPostprocessing = 0;
		};
/* End PBXSourcesBuildPhase section */

/* Begin PBXTargetDependency section */
		A3484B3A26CE9C98009BA8E8 /* PBXTargetDependency */ = {
			isa = PBXTargetDependency;
			target = A3484B2126CE9C96009BA8E8 /* SwiftUITextFieldDemoApp */;
			targetProxy = A3484B3926CE9C98009BA8E8 /* PBXContainerItemProxy */;
		};
		A3484B4526CE9C98009BA8E8 /* PBXTargetDependency */ = {
			isa = PBXTargetDependency;
			target = A3484B2126CE9C96009BA8E8 /* SwiftUITextFieldDemoApp */;
			targetProxy = A3484B4426CE9C98009BA8E8 /* PBXContainerItemProxy */;
		};
/* End PBXTargetDependency section */

/* Begin PBXVariantGroup section */
		A3484B3026CE9C98009BA8E8 /* LaunchScreen.storyboard */ = {
			isa = PBXVariantGroup;
			children = (
				A3484B3126CE9C98009BA8E8 /* Base */,
			);
			name = LaunchScreen.storyboard;
			sourceTree = "<group>";
		};
/* End PBXVariantGroup section */

/* Begin XCBuildConfiguration section */
		A3484B4A26CE9C98009BA8E8 /* Debug */ = {
			isa = XCBuildConfiguration;
			buildSettings = {
				ALWAYS_SEARCH_USER_PATHS = NO;
				CLANG_ANALYZER_NONNULL = YES;
				CLANG_ANALYZER_NUMBER_OBJECT_CONVERSION = YES_AGGRESSIVE;
				CLANG_CXX_LANGUAGE_STANDARD = "gnu++14";
				CLANG_CXX_LIBRARY = "libc++";
				CLANG_ENABLE_MODULES = YES;
				CLANG_ENABLE_OBJC_ARC = YES;
				CLANG_ENABLE_OBJC_WEAK = YES;
				CLANG_WARN_BLOCK_CAPTURE_AUTORELEASING = YES;
				CLANG_WARN_BOOL_CONVERSION = YES;
				CLANG_WARN_COMMA = YES;
				CLANG_WARN_CONSTANT_CONVERSION = YES;
				CLANG_WARN_DEPRECATED_OBJC_IMPLEMENTATIONS = YES;
				CLANG_WARN_DIRECT_OBJC_ISA_USAGE = YES_ERROR;
				CLANG_WARN_DOCUMENTATION_COMMENTS = YES;
				CLANG_WARN_EMPTY_BODY = YES;
				CLANG_WARN_ENUM_CONVERSION = YES;
				CLANG_WARN_INFINITE_RECURSION = YES;
				CLANG_WARN_INT_CONVERSION = YES;
				CLANG_WARN_NON_LITERAL_NULL_CONVERSION = YES;
				CLANG_WARN_OBJC_IMPLICIT_RETAIN_SELF = YES;
				CLANG_WARN_OBJC_LITERAL_CONVERSION = YES;
				CLANG_WARN_OBJC_ROOT_CLASS = YES_ERROR;
				CLANG_WARN_QUOTED_INCLUDE_IN_FRAMEWORK_HEADER = YES;
				CLANG_WARN_RANGE_LOOP_ANALYSIS = YES;
				CLANG_WARN_STRICT_PROTOTYPES = YES;
				CLANG_WARN_SUSPICIOUS_MOVE = YES;
				CLANG_WARN_UNGUARDED_AVAILABILITY = YES_AGGRESSIVE;
				CLANG_WARN_UNREACHABLE_CODE = YES;
				CLANG_WARN__DUPLICATE_METHOD_MATCH = YES;
				COPY_PHASE_STRIP = NO;
				DEBUG_INFORMATION_FORMAT = dwarf;
				ENABLE_STRICT_OBJC_MSGSEND = YES;
				ENABLE_TESTABILITY = YES;
				GCC_C_LANGUAGE_STANDARD = gnu11;
				GCC_DYNAMIC_NO_PIC = NO;
				GCC_NO_COMMON_BLOCKS = YES;
				GCC_OPTIMIZATION_LEVEL = 0;
				GCC_PREPROCESSOR_DEFINITIONS = (
					"DEBUG=1",
					"$(inherited)",
				);
				GCC_WARN_64_TO_32_BIT_CONVERSION = YES;
				GCC_WARN_ABOUT_RETURN_TYPE = YES_ERROR;
				GCC_WARN_UNDECLARED_SELECTOR = YES;
				GCC_WARN_UNINITIALIZED_AUTOS = YES_AGGRESSIVE;
				GCC_WARN_UNUSED_FUNCTION = YES;
				GCC_WARN_UNUSED_VARIABLE = YES;
				IPHONEOS_DEPLOYMENT_TARGET = 14.4;
				MTL_ENABLE_DEBUG_INFO = INCLUDE_SOURCE;
				MTL_FAST_MATH = YES;
				ONLY_ACTIVE_ARCH = YES;
				SDKROOT = iphoneos;
				SWIFT_ACTIVE_COMPILATION_CONDITIONS = DEBUG;
				SWIFT_OPTIMIZATION_LEVEL = "-Onone";
			};
			name = Debug;
		};
		A3484B4B26CE9C98009BA8E8 /* Release */ = {
			isa = XCBuildConfiguration;
			buildSettings = {
				ALWAYS_SEARCH_USER_PATHS = NO;
				CLANG_ANALYZER_NONNULL = YES;
				CLANG_ANALYZER_NUMBER_OBJECT_CONVERSION = YES_AGGRESSIVE;
				CLANG_CXX_LANGUAGE_STANDARD = "gnu++14";
				CLANG_CXX_LIBRARY = "libc++";
				CLANG_ENABLE_MODULES = YES;
				CLANG_ENABLE_OBJC_ARC = YES;
				CLANG_ENABLE_OBJC_WEAK = YES;
				CLANG_WARN_BLOCK_CAPTURE_AUTORELEASING = YES;
				CLANG_WARN_BOOL_CONVERSION = YES;
				CLANG_WARN_COMMA = YES;
				CLANG_WARN_CONSTANT_CONVERSION = YES;
				CLANG_WARN_DEPRECATED_OBJC_IMPLEMENTATIONS = YES;
				CLANG_WARN_DIRECT_OBJC_ISA_USAGE = YES_ERROR;
				CLANG_WARN_DOCUMENTATION_COMMENTS = YES;
				CLANG_WARN_EMPTY_BODY = YES;
				CLANG_WARN_ENUM_CONVERSION = YES;
				CLANG_WARN_INFINITE_RECURSION = YES;
				CLANG_WARN_INT_CONVERSION = YES;
				CLANG_WARN_NON_LITERAL_NULL_CONVERSION = YES;
				CLANG_WARN_OBJC_IMPLICIT_RETAIN_SELF = YES;
				CLANG_WARN_OBJC_LITERAL_CONVERSION = YES;
				CLANG_WARN_OBJC_ROOT_CLASS = YES_ERROR;
				CLANG_WARN_QUOTED_INCLUDE_IN_FRAMEWORK_HEADER = YES;
				CLANG_WARN_RANGE_LOOP_ANALYSIS = YES;
				CLANG_WARN_STRICT_PROTOTYPES = YES;
				CLANG_WARN_SUSPICIOUS_MOVE = YES;
				CLANG_WARN_UNGUARDED_AVAILABILITY = YES_AGGRESSIVE;
				CLANG_WARN_UNREACHABLE_CODE = YES;
				CLANG_WARN__DUPLICATE_METHOD_MATCH = YES;
				COPY_PHASE_STRIP = NO;
				DEBUG_INFORMATION_FORMAT = "dwarf-with-dsym";
				ENABLE_NS_ASSERTIONS = NO;
				ENABLE_STRICT_OBJC_MSGSEND = YES;
				GCC_C_LANGUAGE_STANDARD = gnu11;
				GCC_NO_COMMON_BLOCKS = YES;
				GCC_WARN_64_TO_32_BIT_CONVERSION = YES;
				GCC_WARN_ABOUT_RETURN_TYPE = YES_ERROR;
				GCC_WARN_UNDECLARED_SELECTOR = YES;
				GCC_WARN_UNINITIALIZED_AUTOS = YES_AGGRESSIVE;
				GCC_WARN_UNUSED_FUNCTION = YES;
				GCC_WARN_UNUSED_VARIABLE = YES;
				IPHONEOS_DEPLOYMENT_TARGET = 14.4;
				MTL_ENABLE_DEBUG_INFO = NO;
				MTL_FAST_MATH = YES;
				SDKROOT = iphoneos;
				SWIFT_COMPILATION_MODE = wholemodule;
				SWIFT_OPTIMIZATION_LEVEL = "-O";
				VALIDATE_PRODUCT = YES;
			};
			name = Release;
		};
		A3484B4D26CE9C98009BA8E8 /* Debug */ = {
			isa = XCBuildConfiguration;
			buildSettings = {
				ASSETCATALOG_COMPILER_APPICON_NAME = AppIcon;
				ASSETCATALOG_COMPILER_GLOBAL_ACCENT_COLOR_NAME = AccentColor;
				CODE_SIGN_STYLE = Automatic;
				DEVELOPMENT_ASSET_PATHS = "\"SwiftUITextFieldDemoApp/Preview Content\"";
				DEVELOPMENT_TEAM = F39YLTWJFM;
				ENABLE_PREVIEWS = YES;
				INFOPLIST_FILE = SwiftUITextFieldDemoApp/Info.plist;
				LD_RUNPATH_SEARCH_PATHS = (
					"$(inherited)",
					"@executable_path/Frameworks",
				);
				PRODUCT_BUNDLE_IDENTIFIER = Ryota.F.SwiftUITextFieldDemoApp;
				PRODUCT_NAME = "$(TARGET_NAME)";
				SWIFT_VERSION = 5.0;
				TARGETED_DEVICE_FAMILY = "1,2";
			};
			name = Debug;
		};
		A3484B4E26CE9C98009BA8E8 /* Release */ = {
			isa = XCBuildConfiguration;
			buildSettings = {
				ASSETCATALOG_COMPILER_APPICON_NAME = AppIcon;
				ASSETCATALOG_COMPILER_GLOBAL_ACCENT_COLOR_NAME = AccentColor;
				CODE_SIGN_STYLE = Automatic;
				DEVELOPMENT_ASSET_PATHS = "\"SwiftUITextFieldDemoApp/Preview Content\"";
				DEVELOPMENT_TEAM = F39YLTWJFM;
				ENABLE_PREVIEWS = YES;
				INFOPLIST_FILE = SwiftUITextFieldDemoApp/Info.plist;
				LD_RUNPATH_SEARCH_PATHS = (
					"$(inherited)",
					"@executable_path/Frameworks",
				);
				PRODUCT_BUNDLE_IDENTIFIER = Ryota.F.SwiftUITextFieldDemoApp;
				PRODUCT_NAME = "$(TARGET_NAME)";
				SWIFT_VERSION = 5.0;
				TARGETED_DEVICE_FAMILY = "1,2";
			};
			name = Release;
		};
		A3484B5026CE9C98009BA8E8 /* Debug */ = {
			isa = XCBuildConfiguration;
			buildSettings = {
				ALWAYS_EMBED_SWIFT_STANDARD_LIBRARIES = YES;
				BUNDLE_LOADER = "$(TEST_HOST)";
				CODE_SIGN_STYLE = Automatic;
				DEVELOPMENT_TEAM = F39YLTWJFM;
				INFOPLIST_FILE = SwiftUITextFieldDemoAppTests/Info.plist;
				IPHONEOS_DEPLOYMENT_TARGET = 14.4;
				LD_RUNPATH_SEARCH_PATHS = (
					"$(inherited)",
					"@executable_path/Frameworks",
					"@loader_path/Frameworks",
				);
				PRODUCT_BUNDLE_IDENTIFIER = Ryota.F.SwiftUITextFieldDemoAppTests;
				PRODUCT_NAME = "$(TARGET_NAME)";
				SWIFT_VERSION = 5.0;
				TARGETED_DEVICE_FAMILY = "1,2";
				TEST_HOST = "$(BUILT_PRODUCTS_DIR)/SwiftUITextFieldDemoApp.app/SwiftUITextFieldDemoApp";
			};
			name = Debug;
		};
		A3484B5126CE9C98009BA8E8 /* Release */ = {
			isa = XCBuildConfiguration;
			buildSettings = {
				ALWAYS_EMBED_SWIFT_STANDARD_LIBRARIES = YES;
				BUNDLE_LOADER = "$(TEST_HOST)";
				CODE_SIGN_STYLE = Automatic;
				DEVELOPMENT_TEAM = F39YLTWJFM;
				INFOPLIST_FILE = SwiftUITextFieldDemoAppTests/Info.plist;
				IPHONEOS_DEPLOYMENT_TARGET = 14.4;
				LD_RUNPATH_SEARCH_PATHS = (
					"$(inherited)",
					"@executable_path/Frameworks",
					"@loader_path/Frameworks",
				);
				PRODUCT_BUNDLE_IDENTIFIER = Ryota.F.SwiftUITextFieldDemoAppTests;
				PRODUCT_NAME = "$(TARGET_NAME)";
				SWIFT_VERSION = 5.0;
				TARGETED_DEVICE_FAMILY = "1,2";
				TEST_HOST = "$(BUILT_PRODUCTS_DIR)/SwiftUITextFieldDemoApp.app/SwiftUITextFieldDemoApp";
			};
			name = Release;
		};
		A3484B5326CE9C98009BA8E8 /* Debug */ = {
			isa = XCBuildConfiguration;
			buildSettings = {
				ALWAYS_EMBED_SWIFT_STANDARD_LIBRARIES = YES;
				CODE_SIGN_STYLE = Automatic;
				DEVELOPMENT_TEAM = F39YLTWJFM;
				INFOPLIST_FILE = SwiftUITextFieldDemoAppUITests/Info.plist;
				LD_RUNPATH_SEARCH_PATHS = (
					"$(inherited)",
					"@executable_path/Frameworks",
					"@loader_path/Frameworks",
				);
				PRODUCT_BUNDLE_IDENTIFIER = Ryota.F.SwiftUITextFieldDemoAppUITests;
				PRODUCT_NAME = "$(TARGET_NAME)";
				SWIFT_VERSION = 5.0;
				TARGETED_DEVICE_FAMILY = "1,2";
				TEST_TARGET_NAME = SwiftUITextFieldDemoApp;
			};
			name = Debug;
		};
		A3484B5426CE9C98009BA8E8 /* Release */ = {
			isa = XCBuildConfiguration;
			buildSettings = {
				ALWAYS_EMBED_SWIFT_STANDARD_LIBRARIES = YES;
				CODE_SIGN_STYLE = Automatic;
				DEVELOPMENT_TEAM = F39YLTWJFM;
				INFOPLIST_FILE = SwiftUITextFieldDemoAppUITests/Info.plist;
				LD_RUNPATH_SEARCH_PATHS = (
					"$(inherited)",
					"@executable_path/Frameworks",
					"@loader_path/Frameworks",
				);
				PRODUCT_BUNDLE_IDENTIFIER = Ryota.F.SwiftUITextFieldDemoAppUITests;
				PRODUCT_NAME = "$(TARGET_NAME)";
				SWIFT_VERSION = 5.0;
				TARGETED_DEVICE_FAMILY = "1,2";
				TEST_TARGET_NAME = SwiftUITextFieldDemoApp;
			};
			name = Release;
		};
/* End XCBuildConfiguration section */

/* Begin XCConfigurationList section */
		A3484B1D26CE9C96009BA8E8 /* Build configuration list for PBXProject "SwiftUITextFieldDemoApp" */ = {
			isa = XCConfigurationList;
			buildConfigurations = (
				A3484B4A26CE9C98009BA8E8 /* Debug */,
				A3484B4B26CE9C98009BA8E8 /* Release */,
			);
			defaultConfigurationIsVisible = 0;
			defaultConfigurationName = Release;
		};
		A3484B4C26CE9C98009BA8E8 /* Build configuration list for PBXNativeTarget "SwiftUITextFieldDemoApp" */ = {
			isa = XCConfigurationList;
			buildConfigurations = (
				A3484B4D26CE9C98009BA8E8 /* Debug */,
				A3484B4E26CE9C98009BA8E8 /* Release */,
			);
			defaultConfigurationIsVisible = 0;
			defaultConfigurationName = Release;
		};
		A3484B4F26CE9C98009BA8E8 /* Build configuration list for PBXNativeTarget "SwiftUITextFieldDemoAppTests" */ = {
			isa = XCConfigurationList;
			buildConfigurations = (
				A3484B5026CE9C98009BA8E8 /* Debug */,
				A3484B5126CE9C98009BA8E8 /* Release */,
			);
			defaultConfigurationIsVisible = 0;
			defaultConfigurationName = Release;
		};
		A3484B5226CE9C98009BA8E8 /* Build configuration list for PBXNativeTarget "SwiftUITextFieldDemoAppUITests" */ = {
			isa = XCConfigurationList;
			buildConfigurations = (
				A3484B5326CE9C98009BA8E8 /* Debug */,
				A3484B5426CE9C98009BA8E8 /* Release */,
			);
			defaultConfigurationIsVisible = 0;
			defaultConfigurationName = Release;
		};
/* End XCConfigurationList section */
	};
	rootObject = A3484B1A26CE9C96009BA8E8 /* Project object */;
}
